// !$*UTF8*$!
{
	archiveVersion = 1;
	classes = {
	};
	objectVersion = 46;
	objects = {

/* Begin PBXBuildFile section */
		0D56F41814214915005C5BE7 /* Juan!Icon.png in Resources */ = {isa = PBXBuildFile; fileRef = 0D56F41714214915005C5BE7 /* Juan!Icon.png */; };
		0D56F41B14214919005C5BE7 /* Juan!RetinaIcon.png in Resources */ = {isa = PBXBuildFile; fileRef = 0D56F41A14214919005C5BE7 /* Juan!RetinaIcon.png */; };
		0D56F41D1421491D005C5BE7 /* Default.png in Resources */ = {isa = PBXBuildFile; fileRef = 0D56F41C1421491D005C5BE7 /* Default.png */; };
		0D56F41F14214921005C5BE7 /* Default@2x.png in Resources */ = {isa = PBXBuildFile; fileRef = 0D56F41E14214921005C5BE7 /* Default@2x.png */; };
		0D5F6B58141DCE3900293832 /* mainViewController.m in Sources */ = {isa = PBXBuildFile; fileRef = 0D5F6B57141DCE3900293832 /* mainViewController.m */; };
		0D77509E1424403D0057F288 /* README in Resources */ = {isa = PBXBuildFile; fileRef = 0D77509D1424403D0057F288 /* README */; };
		0D7750A2142441600057F288 /* HelpViewer.m in Sources */ = {isa = PBXBuildFile; fileRef = 0D7750A1142441600057F288 /* HelpViewer.m */; };
		0D7750A5142448620057F288 /* FancyViewCell.m in Sources */ = {isa = PBXBuildFile; fileRef = 0D7750A4142448620057F288 /* FancyViewCell.m */; };
		0D7B8807141DD1E100315335 /* TableViewController.m in Sources */ = {isa = PBXBuildFile; fileRef = 0D7B8806141DD1E100315335 /* TableViewController.m */; };
		0D7B881A141E4FBC00315335 /* sowpods.txt in Resources */ = {isa = PBXBuildFile; fileRef = 0D7B8815141E4FBC00315335 /* sowpods.txt */; };
		0D7B881B141E4FBC00315335 /* enable1.txt in Resources */ = {isa = PBXBuildFile; fileRef = 0D7B8816141E4FBC00315335 /* enable1.txt */; };
		0D7B881C141E4FBC00315335 /* words2 in Resources */ = {isa = PBXBuildFile; fileRef = 0D7B8817141E4FBC00315335 /* words2 */; };
		0D7B881D141E4FBC00315335 /* WordsClass.m in Sources */ = {isa = PBXBuildFile; fileRef = 0D7B8819141E4FBC00315335 /* WordsClass.m */; };
		0DD19D761425CBB40002187A /* DefinitionViewController.m in Sources */ = {isa = PBXBuildFile; fileRef = 0DD19D751425CBB40002187A /* DefinitionViewController.m */; };
		0DEDF772141DC08A00630839 /* UIKit.framework in Frameworks */ = {isa = PBXBuildFile; fileRef = 0DEDF771141DC08A00630839 /* UIKit.framework */; };
		0DEDF774141DC08A00630839 /* Foundation.framework in Frameworks */ = {isa = PBXBuildFile; fileRef = 0DEDF773141DC08A00630839 /* Foundation.framework */; };
		0DEDF776141DC08A00630839 /* CoreGraphics.framework in Frameworks */ = {isa = PBXBuildFile; fileRef = 0DEDF775141DC08A00630839 /* CoreGraphics.framework */; };
		0DEDF77C141DC08A00630839 /* InfoPlist.strings in Resources */ = {isa = PBXBuildFile; fileRef = 0DEDF77A141DC08A00630839 /* InfoPlist.strings */; };
		0DEDF77E141DC08A00630839 /* main.m in Sources */ = {isa = PBXBuildFile; fileRef = 0DEDF77D141DC08A00630839 /* main.m */; };
		0DEDF782141DC08A00630839 /* GIGAppDelegate.m in Sources */ = {isa = PBXBuildFile; fileRef = 0DEDF781141DC08A00630839 /* GIGAppDelegate.m */; };
		0DEDF785141DC08A00630839 /* MainStoryboard.storyboard in Resources */ = {isa = PBXBuildFile; fileRef = 0DEDF783141DC08A00630839 /* MainStoryboard.storyboard */; };
		0DEDF788141DC08A00630839 /* GIGViewController.m in Sources */ = {isa = PBXBuildFile; fileRef = 0DEDF787141DC08A00630839 /* GIGViewController.m */; };
/* End PBXBuildFile section */

/* Begin PBXFileReference section */
		0D56F41714214915005C5BE7 /* Juan!Icon.png */ = {isa = PBXFileReference; lastKnownFileType = image.png; path = "Juan!Icon.png"; sourceTree = "<group>"; };
		0D56F41A14214919005C5BE7 /* Juan!RetinaIcon.png */ = {isa = PBXFileReference; lastKnownFileType = image.png; path = "Juan!RetinaIcon.png"; sourceTree = "<group>"; };
		0D56F41C1421491D005C5BE7 /* Default.png */ = {isa = PBXFileReference; lastKnownFileType = image.png; path = Default.png; sourceTree = "<group>"; };
		0D56F41E14214921005C5BE7 /* Default@2x.png */ = {isa = PBXFileReference; lastKnownFileType = image.png; path = "Default@2x.png"; sourceTree = "<group>"; };
		0D5F6B56141DCE3900293832 /* mainViewController.h */ = {isa = PBXFileReference; fileEncoding = 4; lastKnownFileType = sourcecode.c.h; name = mainViewController.h; path = ../mainViewController.h; sourceTree = "<group>"; };
		0D5F6B57141DCE3900293832 /* mainViewController.m */ = {isa = PBXFileReference; fileEncoding = 4; lastKnownFileType = sourcecode.c.objc; name = mainViewController.m; path = ../mainViewController.m; sourceTree = "<group>"; };
		0D77509D1424403D0057F288 /* README */ = {isa = PBXFileReference; fileEncoding = 4; lastKnownFileType = text; path = README; sourceTree = SOURCE_ROOT; };
		0D7750A0142441600057F288 /* HelpViewer.h */ = {isa = PBXFileReference; fileEncoding = 4; lastKnownFileType = sourcecode.c.h; path = HelpViewer.h; sourceTree = "<group>"; };
		0D7750A1142441600057F288 /* HelpViewer.m */ = {isa = PBXFileReference; fileEncoding = 4; lastKnownFileType = sourcecode.c.objc; path = HelpViewer.m; sourceTree = "<group>"; };
		0D7750A3142448620057F288 /* FancyViewCell.h */ = {isa = PBXFileReference; fileEncoding = 4; lastKnownFileType = sourcecode.c.h; path = FancyViewCell.h; sourceTree = "<group>"; };
		0D7750A4142448620057F288 /* FancyViewCell.m */ = {isa = PBXFileReference; fileEncoding = 4; lastKnownFileType = sourcecode.c.objc; path = FancyViewCell.m; sourceTree = "<group>"; };
		0D7B8805141DD1E100315335 /* TableViewController.h */ = {isa = PBXFileReference; fileEncoding = 4; lastKnownFileType = sourcecode.c.h; path = TableViewController.h; sourceTree = "<group>"; };
		0D7B8806141DD1E100315335 /* TableViewController.m */ = {isa = PBXFileReference; fileEncoding = 4; lastKnownFileType = sourcecode.c.objc; path = TableViewController.m; sourceTree = "<group>"; };
		0D7B8815141E4FBC00315335 /* sowpods.txt */ = {isa = PBXFileReference; fileEncoding = 4; lastKnownFileType = text; path = sowpods.txt; sourceTree = "<group>"; };
		0D7B8816141E4FBC00315335 /* enable1.txt */ = {isa = PBXFileReference; fileEncoding = 4; lastKnownFileType = text; path = enable1.txt; sourceTree = "<group>"; };
		0D7B8817141E4FBC00315335 /* words2 */ = {isa = PBXFileReference; fileEncoding = 4; lastKnownFileType = text; path = words2; sourceTree = "<group>"; };
		0D7B8818141E4FBC00315335 /* WordsClass.h */ = {isa = PBXFileReference; fileEncoding = 4; lastKnownFileType = sourcecode.c.h; path = WordsClass.h; sourceTree = "<group>"; };
		0D7B8819141E4FBC00315335 /* WordsClass.m */ = {isa = PBXFileReference; fileEncoding = 4; lastKnownFileType = sourcecode.c.objc; path = WordsClass.m; sourceTree = "<group>"; };
		0DD19D741425CBB40002187A /* DefinitionViewController.h */ = {isa = PBXFileReference; fileEncoding = 4; lastKnownFileType = sourcecode.c.h; path = DefinitionViewController.h; sourceTree = "<group>"; };
		0DD19D751425CBB40002187A /* DefinitionViewController.m */ = {isa = PBXFileReference; fileEncoding = 4; lastKnownFileType = sourcecode.c.objc; path = DefinitionViewController.m; sourceTree = "<group>"; };
		0DEDF76D141DC08A00630839 /* unScrabbled.app */ = {isa = PBXFileReference; explicitFileType = wrapper.application; includeInIndex = 0; path = unScrabbled.app; sourceTree = BUILT_PRODUCTS_DIR; };
		0DEDF771141DC08A00630839 /* UIKit.framework */ = {isa = PBXFileReference; lastKnownFileType = wrapper.framework; name = UIKit.framework; path = System/Library/Frameworks/UIKit.framework; sourceTree = SDKROOT; };
		0DEDF773141DC08A00630839 /* Foundation.framework */ = {isa = PBXFileReference; lastKnownFileType = wrapper.framework; name = Foundation.framework; path = System/Library/Frameworks/Foundation.framework; sourceTree = SDKROOT; };
		0DEDF775141DC08A00630839 /* CoreGraphics.framework */ = {isa = PBXFileReference; lastKnownFileType = wrapper.framework; name = CoreGraphics.framework; path = System/Library/Frameworks/CoreGraphics.framework; sourceTree = SDKROOT; };
		0DEDF779141DC08A00630839 /* unScrabbled-Info.plist */ = {isa = PBXFileReference; lastKnownFileType = text.plist.xml; path = "unScrabbled-Info.plist"; sourceTree = "<group>"; };
		0DEDF77B141DC08A00630839 /* en */ = {isa = PBXFileReference; lastKnownFileType = text.plist.strings; name = en; path = en.lproj/InfoPlist.strings; sourceTree = "<group>"; };
		0DEDF77D141DC08A00630839 /* main.m */ = {isa = PBXFileReference; lastKnownFileType = sourcecode.c.objc; path = main.m; sourceTree = "<group>"; };
		0DEDF77F141DC08A00630839 /* unScrabbled-Prefix.pch */ = {isa = PBXFileReference; lastKnownFileType = sourcecode.c.h; path = "unScrabbled-Prefix.pch"; sourceTree = "<group>"; };
		0DEDF780141DC08A00630839 /* GIGAppDelegate.h */ = {isa = PBXFileReference; lastKnownFileType = sourcecode.c.h; path = GIGAppDelegate.h; sourceTree = "<group>"; };
		0DEDF781141DC08A00630839 /* GIGAppDelegate.m */ = {isa = PBXFileReference; lastKnownFileType = sourcecode.c.objc; path = GIGAppDelegate.m; sourceTree = "<group>"; };
		0DEDF784141DC08A00630839 /* en */ = {isa = PBXFileReference; lastKnownFileType = file.storyboard; name = en; path = en.lproj/MainStoryboard.storyboard; sourceTree = "<group>"; };
		0DEDF786141DC08A00630839 /* GIGViewController.h */ = {isa = PBXFileReference; lastKnownFileType = sourcecode.c.h; path = GIGViewController.h; sourceTree = "<group>"; };
		0DEDF787141DC08A00630839 /* GIGViewController.m */ = {isa = PBXFileReference; lastKnownFileType = sourcecode.c.objc; path = GIGViewController.m; sourceTree = "<group>"; };
/* End PBXFileReference section */

/* Begin PBXFrameworksBuildPhase section */
		0DEDF76A141DC08A00630839 /* Frameworks */ = {
			isa = PBXFrameworksBuildPhase;
			buildActionMask = 2147483647;
			files = (
				0DEDF772141DC08A00630839 /* UIKit.framework in Frameworks */,
				0DEDF774141DC08A00630839 /* Foundation.framework in Frameworks */,
				0DEDF776141DC08A00630839 /* CoreGraphics.framework in Frameworks */,
			);
			runOnlyForDeploymentPostprocessing = 0;
		};
/* End PBXFrameworksBuildPhase section */

/* Begin PBXGroup section */
		0DEDF762141DC08A00630839 = {
			isa = PBXGroup;
			children = (
				0D56F41E14214921005C5BE7 /* Default@2x.png */,
				0D56F41C1421491D005C5BE7 /* Default.png */,
				0D56F41A14214919005C5BE7 /* Juan!RetinaIcon.png */,
				0D56F41714214915005C5BE7 /* Juan!Icon.png */,
				0DEDF777141DC08A00630839 /* unScrabbled */,
				0DEDF770141DC08A00630839 /* Frameworks */,
				0DEDF76E141DC08A00630839 /* Products */,
			);
			sourceTree = "<group>";
		};
		0DEDF76E141DC08A00630839 /* Products */ = {
			isa = PBXGroup;
			children = (
				0DEDF76D141DC08A00630839 /* unScrabbled.app */,
			);
			name = Products;
			sourceTree = "<group>";
		};
		0DEDF770141DC08A00630839 /* Frameworks */ = {
			isa = PBXGroup;
			children = (
				0DEDF771141DC08A00630839 /* UIKit.framework */,
				0DEDF773141DC08A00630839 /* Foundation.framework */,
				0DEDF775141DC08A00630839 /* CoreGraphics.framework */,
			);
			name = Frameworks;
			sourceTree = "<group>";
		};
		0DEDF777141DC08A00630839 /* unScrabbled */ = {
			isa = PBXGroup;
			children = (
				0DD19D741425CBB40002187A /* DefinitionViewController.h */,
				0DD19D751425CBB40002187A /* DefinitionViewController.m */,
				0DEDF780141DC08A00630839 /* GIGAppDelegate.h */,
				0DEDF781141DC08A00630839 /* GIGAppDelegate.m */,
				0D77509D1424403D0057F288 /* README */,
				0D7B8815141E4FBC00315335 /* sowpods.txt */,
				0D7B8816141E4FBC00315335 /* enable1.txt */,
				0D7B8817141E4FBC00315335 /* words2 */,
				0D7B8818141E4FBC00315335 /* WordsClass.h */,
				0D7B8819141E4FBC00315335 /* WordsClass.m */,
				0D5F6B56141DCE3900293832 /* mainViewController.h */,
				0D5F6B57141DCE3900293832 /* mainViewController.m */,
				0DEDF783141DC08A00630839 /* MainStoryboard.storyboard */,
				0D7B8805141DD1E100315335 /* TableViewController.h */,
				0D7B8806141DD1E100315335 /* TableViewController.m */,
				0D7750A3142448620057F288 /* FancyViewCell.h */,
				0D7750A4142448620057F288 /* FancyViewCell.m */,
				0DEDF786141DC08A00630839 /* GIGViewController.h */,
				0DEDF787141DC08A00630839 /* GIGViewController.m */,
				0DEDF778141DC08A00630839 /* Supporting Files */,
				0D7750A0142441600057F288 /* HelpViewer.h */,
				0D7750A1142441600057F288 /* HelpViewer.m */,
			);
			path = unScrabbled;
			sourceTree = "<group>";
		};
		0DEDF778141DC08A00630839 /* Supporting Files */ = {
			isa = PBXGroup;
			children = (
				0DEDF779141DC08A00630839 /* unScrabbled-Info.plist */,
				0DEDF77A141DC08A00630839 /* InfoPlist.strings */,
				0DEDF77D141DC08A00630839 /* main.m */,
				0DEDF77F141DC08A00630839 /* unScrabbled-Prefix.pch */,
			);
			name = "Supporting Files";
			sourceTree = "<group>";
		};
/* End PBXGroup section */

/* Begin PBXNativeTarget section */
		0DEDF76C141DC08A00630839 /* unScrabbled */ = {
			isa = PBXNativeTarget;
			buildConfigurationList = 0DEDF78B141DC08A00630839 /* Build configuration list for PBXNativeTarget "unScrabbled" */;
			buildPhases = (
				0DEDF769141DC08A00630839 /* Sources */,
				0DEDF76A141DC08A00630839 /* Frameworks */,
				0DEDF76B141DC08A00630839 /* Resources */,
			);
			buildRules = (
			);
			dependencies = (
			);
			name = unScrabbled;
			productName = unScrabbled;
			productReference = 0DEDF76D141DC08A00630839 /* unScrabbled.app */;
			productType = "com.apple.product-type.application";
		};
/* End PBXNativeTarget section */

/* Begin PBXProject section */
		0DEDF764141DC08A00630839 /* Project object */ = {
			isa = PBXProject;
			attributes = {
				LastUpgradeCheck = 0420;
				ORGANIZATIONNAME = Gigantical;
			};
			buildConfigurationList = 0DEDF767141DC08A00630839 /* Build configuration list for PBXProject "unScrabbled" */;
			compatibilityVersion = "Xcode 3.2";
			developmentRegion = English;
			hasScannedForEncodings = 0;
			knownRegions = (
				en,
			);
			mainGroup = 0DEDF762141DC08A00630839;
			productRefGroup = 0DEDF76E141DC08A00630839 /* Products */;
			projectDirPath = "";
			projectRoot = "";
			targets = (
				0DEDF76C141DC08A00630839 /* unScrabbled */,
			);
		};
/* End PBXProject section */

/* Begin PBXResourcesBuildPhase section */
		0DEDF76B141DC08A00630839 /* Resources */ = {
			isa = PBXResourcesBuildPhase;
			buildActionMask = 2147483647;
			files = (
				0DEDF77C141DC08A00630839 /* InfoPlist.strings in Resources */,
				0DEDF785141DC08A00630839 /* MainStoryboard.storyboard in Resources */,
				0D7B881A141E4FBC00315335 /* sowpods.txt in Resources */,
				0D7B881B141E4FBC00315335 /* enable1.txt in Resources */,
				0D7B881C141E4FBC00315335 /* words2 in Resources */,
				0D56F41814214915005C5BE7 /* Juan!Icon.png in Resources */,
				0D56F41B14214919005C5BE7 /* Juan!RetinaIcon.png in Resources */,
				0D56F41D1421491D005C5BE7 /* Default.png in Resources */,
				0D56F41F14214921005C5BE7 /* Default@2x.png in Resources */,
				0D77509E1424403D0057F288 /* README in Resources */,
			);
			runOnlyForDeploymentPostprocessing = 0;
		};
/* End PBXResourcesBuildPhase section */

/* Begin PBXSourcesBuildPhase section */
		0DEDF769141DC08A00630839 /* Sources */ = {
			isa = PBXSourcesBuildPhase;
			buildActionMask = 2147483647;
			files = (
				0DEDF77E141DC08A00630839 /* main.m in Sources */,
				0DEDF782141DC08A00630839 /* GIGAppDelegate.m in Sources */,
				0DEDF788141DC08A00630839 /* GIGViewController.m in Sources */,
				0D5F6B58141DCE3900293832 /* mainViewController.m in Sources */,
				0D7B8807141DD1E100315335 /* TableViewController.m in Sources */,
				0D7B881D141E4FBC00315335 /* WordsClass.m in Sources */,
				0D7750A2142441600057F288 /* HelpViewer.m in Sources */,
				0D7750A5142448620057F288 /* FancyViewCell.m in Sources */,
				0DD19D761425CBB40002187A /* DefinitionViewController.m in Sources */,
			);
			runOnlyForDeploymentPostprocessing = 0;
		};
/* End PBXSourcesBuildPhase section */

/* Begin PBXVariantGroup section */
		0DEDF77A141DC08A00630839 /* InfoPlist.strings */ = {
			isa = PBXVariantGroup;
			children = (
				0DEDF77B141DC08A00630839 /* en */,
			);
			name = InfoPlist.strings;
			sourceTree = "<group>";
		};
		0DEDF783141DC08A00630839 /* MainStoryboard.storyboard */ = {
			isa = PBXVariantGroup;
			children = (
				0DEDF784141DC08A00630839 /* en */,
			);
			name = MainStoryboard.storyboard;
			sourceTree = "<group>";
		};
/* End PBXVariantGroup section */

/* Begin XCBuildConfiguration section */
		0DEDF789141DC08A00630839 /* Debug */ = {
			isa = XCBuildConfiguration;
			buildSettings = {
				ALWAYS_SEARCH_USER_PATHS = NO;
				ARCHS = "$(ARCHS_STANDARD_32_BIT)";
				CLANG_ENABLE_OBJC_ARC = YES;
				"CODE_SIGN_IDENTITY[sdk=iphoneos*]" = "iPhone Developer";
				COPY_PHASE_STRIP = NO;
				GCC_C_LANGUAGE_STANDARD = gnu99;
				GCC_DYNAMIC_NO_PIC = NO;
				GCC_OPTIMIZATION_LEVEL = 0;
				GCC_PREPROCESSOR_DEFINITIONS = (
					"DEBUG=1",
					"$(inherited)",
				);
				GCC_SYMBOLS_PRIVATE_EXTERN = NO;
				GCC_VERSION = com.apple.compilers.llvm.clang.1_0;
				GCC_WARN_ABOUT_MISSING_PROTOTYPES = YES;
				GCC_WARN_ABOUT_RETURN_TYPE = YES;
				GCC_WARN_UNUSED_VARIABLE = YES;
				IPHONEOS_DEPLOYMENT_TARGET = 5.0;
				SDKROOT = iphoneos;
			};
			name = Debug;
		};
		0DEDF78A141DC08A00630839 /* Release */ = {
			isa = XCBuildConfiguration;
			buildSettings = {
				ALWAYS_SEARCH_USER_PATHS = NO;
				ARCHS = "$(ARCHS_STANDARD_32_BIT)";
				CLANG_ENABLE_OBJC_ARC = YES;
				"CODE_SIGN_IDENTITY[sdk=iphoneos*]" = "iPhone Developer";
				COPY_PHASE_STRIP = YES;
				GCC_C_LANGUAGE_STANDARD = gnu99;
				GCC_VERSION = com.apple.compilers.llvm.clang.1_0;
				GCC_WARN_ABOUT_MISSING_PROTOTYPES = YES;
				GCC_WARN_ABOUT_RETURN_TYPE = YES;
				GCC_WARN_UNUSED_VARIABLE = YES;
				IPHONEOS_DEPLOYMENT_TARGET = 5.0;
				OTHER_CFLAGS = "-DNS_BLOCK_ASSERTIONS=1";
				SDKROOT = iphoneos;
				VALIDATE_PRODUCT = YES;
			};
			name = Release;
		};
		0DEDF78C141DC08A00630839 /* Debug */ = {
			isa = XCBuildConfiguration;
			buildSettings = {
				GCC_PRECOMPILE_PREFIX_HEADER = YES;
				GCC_PREFIX_HEADER = "unScrabbled/unScrabbled-Prefix.pch";
				INFOPLIST_FILE = "unScrabbled/unScrabbled-Info.plist";
				PRODUCT_NAME = "$(TARGET_NAME)";
				WRAPPER_EXTENSION = app;
			};
			name = Debug;
		};
		0DEDF78D141DC08A00630839 /* Release */ = {
			isa = XCBuildConfiguration;
			buildSettings = {
				GCC_PRECOMPILE_PREFIX_HEADER = YES;
				GCC_PREFIX_HEADER = "unScrabbled/unScrabbled-Prefix.pch";
				INFOPLIST_FILE = "unScrabbled/unScrabbled-Info.plist";
				PRODUCT_NAME = "$(TARGET_NAME)";
				WRAPPER_EXTENSION = app;
			};
			name = Release;
		};
/* End XCBuildConfiguration section */

/* Begin XCConfigurationList section */
		0DEDF767141DC08A00630839 /* Build configuration list for PBXProject "unScrabbled" */ = {
			isa = XCConfigurationList;
			buildConfigurations = (
				0DEDF789141DC08A00630839 /* Debug */,
				0DEDF78A141DC08A00630839 /* Release */,
			);
			defaultConfigurationIsVisible = 0;
			defaultConfigurationName = Release;
		};
		0DEDF78B141DC08A00630839 /* Build configuration list for PBXNativeTarget "unScrabbled" */ = {
			isa = XCConfigurationList;
			buildConfigurations = (
				0DEDF78C141DC08A00630839 /* Debug */,
				0DEDF78D141DC08A00630839 /* Release */,
			);
			defaultConfigurationIsVisible = 0;
			defaultConfigurationName = Release;
		};
/* End XCConfigurationList section */
	};
	rootObject = 0DEDF764141DC08A00630839 /* Project object */;
}
